
Microsoft Visual Studio Solution File, Format Version 11.00
# Visual Studio 2010
Project("{FAE04EC0-301F-11D3-BF4B-00C04F79EFBC}") = "WebmlItemTemplate", "VS2010\WebmlItemTemplate\WebmlItemTemplate.csproj", "{700245D3-A78B-4C10-8336-799B603433DC}"
EndProject
Project("{FAE04EC0-301F-11D3-BF4B-00C04F79EFBC}") = "LinqToWebGenerator", "VS2010\LinqToWebGenerator\LinqToWebGenerator.csproj", "{DAA48817-4E80-4840-A01F-DA1CDECCC518}"
EndProject
Project("{54435603-DBB4-11D2-8724-00A0C9A8B90C}") = "LinqToWeb Setup", "VS2010\Setup\Setup.vdproj", "{3DD63F6E-47C0-4BF8-B729-2F76252693A4}"
EndProject
Global
	GlobalSection(TeamFoundationVersionControl) = preSolution
		SccNumberOfProjects = 4
		SccEnterpriseProvider = {4CA58AB2-18FA-4F8D-95D4-32DDF27D184C}
		SccTeamFoundationServer = https://tfs03.codeplex.com/
		SccProjectUniqueName0 = VS2010\\WebmlItemTemplate\\WebmlItemTemplate.csproj
		SccProjectName0 = VS2010/WebmlItemTemplate
		SccLocalPath0 = VS2010\\WebmlItemTemplate
		SccProjectUniqueName1 = VS2010\\LinqToWebGenerator\\LinqToWebGenerator.csproj
		SccProjectName1 = VS2010/LinqToWebGenerator
		SccLocalPath1 = VS2010\\LinqToWebGenerator
		SccProjectUniqueName2 = VS2010\\Setup\\Setup.vdproj
		SccProjectName2 = VS2010/Setup
		SccLocalPath2 = VS2010\\Setup
		SccLocalPath3 = .
	EndGlobalSection
	GlobalSection(SolutionConfigurationPlatforms) = preSolution
		Debug|Any CPU = Debug|Any CPU
		Release|Any CPU = Release|Any CPU
	EndGlobalSection
	GlobalSection(ProjectConfigurationPlatforms) = postSolution
		{700245D3-A78B-4C10-8336-799B603433DC}.Debug|Any CPU.ActiveCfg = Debug|Any CPU
		{700245D3-A78B-4C10-8336-799B603433DC}.Debug|Any CPU.Build.0 = Debug|Any CPU
		{700245D3-A78B-4C10-8336-799B603433DC}.Release|Any CPU.ActiveCfg = Release|Any CPU
		{700245D3-A78B-4C10-8336-799B603433DC}.Release|Any CPU.Build.0 = Release|Any CPU
		{DAA48817-4E80-4840-A01F-DA1CDECCC518}.Debug|Any CPU.ActiveCfg = Debug|Any CPU
		{DAA48817-4E80-4840-A01F-DA1CDECCC518}.Debug|Any CPU.Build.0 = Debug|Any CPU
		{DAA48817-4E80-4840-A01F-DA1CDECCC518}.Release|Any CPU.ActiveCfg = Release|Any CPU
		{DAA48817-4E80-4840-A01F-DA1CDECCC518}.Release|Any CPU.Build.0 = Release|Any CPU
		{3DD63F6E-47C0-4BF8-B729-2F76252693A4}.Debug|Any CPU.ActiveCfg = Debug
		{3DD63F6E-47C0-4BF8-B729-2F76252693A4}.Debug|Any CPU.Build.0 = Debug
		{3DD63F6E-47C0-4BF8-B729-2F76252693A4}.Release|Any CPU.ActiveCfg = Release
		{3DD63F6E-47C0-4BF8-B729-2F76252693A4}.Release|Any CPU.Build.0 = Release
	EndGlobalSection
	GlobalSection(SolutionProperties) = preSolution
		HideSolutionNode = FALSE
	EndGlobalSection
EndGlobal
